{
  "version": 4,
  "terraform_version": "1.2.8",
  "serial": 1,
  "lineage": "380b6547-e784-9888-8d8f-ae4b2eadfc29",
  "outputs": {},
  "resources": [
    {
      "mode": "managed",
      "type": "aws_api_gateway_rest_api",
      "name": "PartyBoxAPI",
      "provider": "provider[\"registry.terraform.io/hashicorp/aws\"]",
      "instances": [
        {
          "schema_version": 0,
          "attributes": {
            "api_key_source": "HEADER",
            "arn": "arn:aws:apigateway:us-east-1::/restapis/walooe9owi",
            "binary_media_types": [],
            "body": null,
            "created_date": "2022-07-15T21:20:18Z",
            "description": "",
            "disable_execute_api_endpoint": true,
            "endpoint_configuration": [
              {
                "types": [
                  "REGIONAL"
                ],
                "vpc_endpoint_ids": []
              }
            ],
            "execution_arn": "arn:aws:execute-api:us-east-1:356466505463:walooe9owi",
            "id": "walooe9owi",
            "minimum_compression_size": -1,
            "name": "PartyBoxREST",
            "parameters": null,
            "policy": "",
            "put_rest_api_mode": "overwrite",
            "root_resource_id": "6051dgryk6",
            "tags": {},
            "tags_all": {}
          },
          "sensitive_attributes": [],
          "private": "eyJzY2hlbWFfdmVyc2lvbiI6IjAifQ=="
        }
      ]
    }
  ]
}
